<?xml version="1.0" encoding="utf-8"?>
<Project ToolsVersion="4.0" xmlns="http://schemas.microsoft.com/developer/msbuild/2003">
  <ItemGroup>
    <Filter Include="Source Files">
      <UniqueIdentifier>{4FC737F1-C7A5-4376-A066-2A32D752A2FF}</UniqueIdentifier>
      <Extensions>cpp;c;cc;cxx;def;odl;idl;hpj;bat;asm;asmx</Extensions>
    </Filter>
    <Filter Include="Header Files">
      <UniqueIdentifier>{93995380-89BD-4b04-88EB-625FBE52EBFB}</UniqueIdentifier>
      <Extensions>h;hh;hpp;hxx;hm;inl;inc;xsd</Extensions>
    </Filter>
    <Filter Include="Resource Files">
      <UniqueIdentifier>{67DA6AB6-F800-4c08-8B7A-83BB121AAD01}</UniqueIdentifier>
      <Extensions>rc;ico;cur;bmp;dlg;rc2;rct;bin;rgs;gif;jpg;jpeg;jpe;resx;tiff;tif;png;wav;mfcribbon-ms</Extensions>
    </Filter>
    <Filter Include="FHEM">
      <UniqueIdentifier>{c90d833f-21bf-4c51-9a8f-ed60dbddcecd}</UniqueIdentifier>
    </Filter>
  </ItemGroup>
  <ItemGroup>
    <ClInclude Include="..\common\HMWDebug.h">
      <Filter>Header Files</Filter>
    </ClInclude>
    <ClInclude Include="..\common\HMWModule.h">
      <Filter>Header Files</Filter>
    </ClInclude>
    <ClInclude Include="..\common\HMWRS485.h">
      <Filter>Header Files</Filter>
    </ClInclude>
    <ClInclude Include="..\common\Bounce2.h">
      <Filter>Header Files</Filter>
    </ClInclude>
    <ClInclude Include="HBW_Sen_SC16.h">
      <Filter>Header Files</Filter>
    </ClInclude>
    <ClInclude Include="__vm\.HBW_Sen_SC16.vsarduino.h">
      <Filter>Header Files</Filter>
    </ClInclude>
  </ItemGroup>
  <ItemGroup>
    <ClCompile Include="..\common\HMWRS485.cpp">
      <Filter>Source Files</Filter>
    </ClCompile>
    <ClCompile Include="..\common\HMWModule.cpp">
      <Filter>Source Files</Filter>
    </ClCompile>
    <ClCompile Include="..\common\HMWDebug.cpp">
      <Filter>Source Files</Filter>
    </ClCompile>
    <ClCompile Include="..\common\Bounce2.cpp">
      <Filter>Source Files</Filter>
    </ClCompile>
  </ItemGroup>
  <ItemGroup>
    <None Include="FHEM\hbw_sen_sc16.pm">
      <Filter>FHEM</Filter>
    </None>
    <None Include="HBW_Sen_SC16.ino" />
  </ItemGroup>
</Project>